
Microsoft Visual Studio Solution File, Format Version 12.00
# Visual Studio 15
VisualStudioVersion = 15.0.28010.2003
MinimumVisualStudioVersion = 10.0.40219.1
Project("{FAE04EC0-301F-11D3-BF4B-00C04F79EFBC}") = "Ejercicio1", "Ejercicio1\Ejercicio1.csproj", "{0E9A83CE-189E-43C8-A04C-619C67E982D7}"
EndProject
Project("{FAE04EC0-301F-11D3-BF4B-00C04F79EFBC}") = "Ejercicio2", "Ejercicio2\Ejercicio2.csproj", "{6A8ED337-0BF5-4551-B20B-BF5492CD47F9}"
EndProject
Project("{FAE04EC0-301F-11D3-BF4B-00C04F79EFBC}") = "Ejercicio3", "Ejercicio3\Ejercicio3.csproj", "{36A57558-7CB7-40D5-87B2-D72E914C5652}"
EndProject
Project("{FAE04EC0-301F-11D3-BF4B-00C04F79EFBC}") = "Ejercicio4", "Ejercicio4\Ejercicio4.csproj", "{18BF0F3C-ED5E-4532-9C54-8D8D5629A3D4}"
EndProject
Project("{FAE04EC0-301F-11D3-BF4B-00C04F79EFBC}") = "Ejercicio5", "Ejercicio5\Ejercicio5.csproj", "{000141A6-9182-4174-9146-87CC59E0AE4C}"
EndProject
Project("{FAE04EC0-301F-11D3-BF4B-00C04F79EFBC}") = "Ejercicio6", "Ejercicio6\Ejercicio6.csproj", "{53C294EA-CE58-4E18-9C85-333B8A3B2DB3}"
EndProject
Project("{FAE04EC0-301F-11D3-BF4B-00C04F79EFBC}") = "Ejercicio7", "Ejercicio7\Ejercicio7.csproj", "{CC03043B-EA73-42E9-B804-60779A881E68}"
EndProject
Project("{FAE04EC0-301F-11D3-BF4B-00C04F79EFBC}") = "Ejercicio8", "Ejercicio8\Ejercicio8.csproj", "{B7B16D10-A9AD-47AA-AD4A-DF03CF898B41}"
EndProject
Project("{FAE04EC0-301F-11D3-BF4B-00C04F79EFBC}") = "Ejercicio9", "Ejercicio9\Ejercicio9.csproj", "{5182A6FC-8FB6-4064-8A16-8A1313E8EA73}"
EndProject
Project("{FAE04EC0-301F-11D3-BF4B-00C04F79EFBC}") = "Ejercicio10", "Ejercicio10\Ejercicio10.csproj", "{C26CEC85-72F1-4ABD-A415-26E972BC5BD1}"
EndProject
Project("{FAE04EC0-301F-11D3-BF4B-00C04F79EFBC}") = "Ejercicio11", "Ejercicio11\Ejercicio11.csproj", "{98C45569-C67A-409A-B781-B55A13A4272B}"
EndProject
Project("{FAE04EC0-301F-11D3-BF4B-00C04F79EFBC}") = "Ejercicio12", "Ejercicio12\Ejercicio12.csproj", "{85A2F75A-5BB5-4604-9570-65B06D28323D}"
EndProject
Project("{FAE04EC0-301F-11D3-BF4B-00C04F79EFBC}") = "Ejercicio13", "Ejercicio13\Ejercicio13.csproj", "{F4D729B9-8AE9-4609-9DE9-355F17450695}"
EndProject
Project("{FAE04EC0-301F-11D3-BF4B-00C04F79EFBC}") = "Ejercicio14", "Ejercicio14\Ejercicio14.csproj", "{4294DA24-F3C2-444A-ADC2-E24AD79DA8B1}"
EndProject
Project("{FAE04EC0-301F-11D3-BF4B-00C04F79EFBC}") = "Ejercicio15", "Ejercicio15\Ejercicio15.csproj", "{768575B6-1D25-49DA-BFEE-ADBAA38F7FA3}"
EndProject
Project("{FAE04EC0-301F-11D3-BF4B-00C04F79EFBC}") = "Ejercicio16", "Ejercicio16\Ejercicio16.csproj", "{BA51D54E-B10E-445F-A138-78D969431F24}"
EndProject
Project("{FAE04EC0-301F-11D3-BF4B-00C04F79EFBC}") = "Ejercicio17", "Ejercicio17\Ejercicio17.csproj", "{6B4675C0-5377-4DA3-9157-CC354FCDCA85}"
EndProject
Project("{FAE04EC0-301F-11D3-BF4B-00C04F79EFBC}") = "Ejercicio18", "Ejercicio18\Ejercicio18.csproj", "{70278F94-CCD6-4B77-9E75-51281D776AD8}"
EndProject
Project("{FAE04EC0-301F-11D3-BF4B-00C04F79EFBC}") = "Ejercicio19", "Ejercicio19\Ejercicio19.csproj", "{08ABDCFC-8D9D-4B95-8E2D-529B2769963D}"
EndProject
Project("{FAE04EC0-301F-11D3-BF4B-00C04F79EFBC}") = "Ejercicio20", "Ejercicio20\Ejercicio20.csproj", "{33F546F2-5082-4809-B2D4-46C602786FA5}"
EndProject
Project("{FAE04EC0-301F-11D3-BF4B-00C04F79EFBC}") = "Ejercicio23", "Ejercicio23\Ejercicio23.csproj", "{5838798E-61BF-4262-8A09-90DD19CD729A}"
EndProject
Project("{FAE04EC0-301F-11D3-BF4B-00C04F79EFBC}") = "Ejercicio21", "Ejercicio21\Ejercicio21.csproj", "{D8155C8E-8580-409E-9263-29816CB82048}"
EndProject
Project("{FAE04EC0-301F-11D3-BF4B-00C04F79EFBC}") = "Ejercicio22", "Ejercicio22\Ejercicio22.csproj", "{A3294710-CEEE-41EB-9BA7-BAE3DEFC5EA9}"
EndProject
Project("{FAE04EC0-301F-11D3-BF4B-00C04F79EFBC}") = "Ejercicio26", "Ejercicio26\Ejercicio26.csproj", "{3DE5C4F8-E3C4-49A0-8649-C6CB322D7E57}"
EndProject
Project("{FAE04EC0-301F-11D3-BF4B-00C04F79EFBC}") = "Ejercicio27", "Ejercicio27\Ejercicio27.csproj", "{12033A67-42E2-45BA-B082-71A20278904B}"
EndProject
Project("{FAE04EC0-301F-11D3-BF4B-00C04F79EFBC}") = "Ejercicio29", "Ejercicio29\Ejercicio29.csproj", "{0C9F7BED-A1B9-492B-92BC-F59D74BE2767}"
EndProject
Project("{FAE04EC0-301F-11D3-BF4B-00C04F79EFBC}") = "Ejercicio30", "Ejercicio30\Ejercicio30.csproj", "{19EB02F8-35D4-427E-A818-E1200632D086}"
EndProject
Project("{FAE04EC0-301F-11D3-BF4B-00C04F79EFBC}") = "Ejercicio31", "Ejercicio31\Ejercicio31.csproj", "{139B789A-CAEA-427F-9A9B-934860B8E72D}"
EndProject
Project("{FAE04EC0-301F-11D3-BF4B-00C04F79EFBC}") = "Ejercicio33", "Ejercicio33\Ejercicio33.csproj", "{BC6B9468-28A0-40D5-810E-EAB4B9DF0372}"
EndProject
Project("{FAE04EC0-301F-11D3-BF4B-00C04F79EFBC}") = "Ejercicio34", "Ejercicio34\Ejercicio34.csproj", "{626A1D2F-EF2D-4121-AD9A-3BB1734BA0FE}"
EndProject
Project("{FAE04EC0-301F-11D3-BF4B-00C04F79EFBC}") = "Ejercicio37", "Ejercicio37\Ejercicio37.csproj", "{5836FDCD-39B3-404C-9D51-3859CFAFC85A}"
EndProject
Project("{FAE04EC0-301F-11D3-BF4B-00C04F79EFBC}") = "Ejercicio38", "Ejercicio38\Ejercicio38.csproj", "{AF2E3CC3-29C5-4B8F-88BA-4CF3B8547D1D}"
EndProject
Project("{FAE04EC0-301F-11D3-BF4B-00C04F79EFBC}") = "Ejercicio39", "Ejercicio39\Ejercicio39.csproj", "{4319E370-BB49-41BC-9B33-81405AAB5FB1}"
EndProject
Project("{FAE04EC0-301F-11D3-BF4B-00C04F79EFBC}") = "Ejercicio42", "Ejercicio42\Ejercicio42.csproj", "{28D5A93F-EBC8-40AC-BE8B-B25983809865}"
EndProject
Project("{FAE04EC0-301F-11D3-BF4B-00C04F79EFBC}") = "Ejercicio40", "Ejercicio40\Ejercicio40.csproj", "{72AAB97B-5E97-4ACB-9105-0E7721EF07A7}"
EndProject
Project("{FAE04EC0-301F-11D3-BF4B-00C04F79EFBC}") = "Ejercicio40Form", "Ejercicio40Form\Ejercicio40Form.csproj", "{7E473A60-E338-4C60-A5FF-EB232BA6DEB0}"
EndProject
Project("{FAE04EC0-301F-11D3-BF4B-00C04F79EFBC}") = "Ejercicio36", "Ejercicio36\Ejercicio36.csproj", "{B1F49D8D-38C5-418F-85AE-CE9EA6C441B7}"
EndProject
Project("{FAE04EC0-301F-11D3-BF4B-00C04F79EFBC}") = "Ejercicio43", "Ejercicio43\Ejercicio43.csproj", "{117A1EF2-B2A7-4B67-B650-3F963C5FBB45}"
EndProject
Project("{FAE04EC0-301F-11D3-BF4B-00C04F79EFBC}") = "Ejercicio41", "Ejercicio41\Ejercicio41.csproj", "{20C6F52F-C830-4FBB-A05D-9FF672E2A5A5}"
EndProject
Project("{FAE04EC0-301F-11D3-BF4B-00C04F79EFBC}") = "Ejercicio44", "Ejercicio44\Ejercicio44.csproj", "{D1A6814B-C873-41EF-8CA2-3ED375E7DAE0}"
EndProject
Project("{FAE04EC0-301F-11D3-BF4B-00C04F79EFBC}") = "Ejercicio47", "Ejercicio47\Ejercicio47.csproj", "{8021B88C-96C5-4B2C-AE58-FEA596F827AE}"
EndProject
Project("{FAE04EC0-301F-11D3-BF4B-00C04F79EFBC}") = "Ejercicio48", "Ejercicio48\Ejercicio48.csproj", "{D46D5572-67A9-4E45-B168-EA1557FABD86}"
EndProject
Project("{FAE04EC0-301F-11D3-BF4B-00C04F79EFBC}") = "Ejercicio50", "Ejercicio50\Ejercicio50.csproj", "{805C8384-B94B-4BFC-8D0C-4A1B1A1B4066}"
EndProject
Project("{FAE04EC0-301F-11D3-BF4B-00C04F79EFBC}") = "Ejercicio52", "Ejercicio52\Ejercicio52.csproj", "{2DBD6ACB-8055-4E0C-A08C-4D3F72D7CE6F}"
EndProject
Project("{FAE04EC0-301F-11D3-BF4B-00C04F79EFBC}") = "Ejercicio54", "Ejercicio54\Ejercicio54.csproj", "{5C01CFAA-0042-42A3-BDE4-1EE4DCC8B479}"
EndProject
Project("{FAE04EC0-301F-11D3-BF4B-00C04F79EFBC}") = "Ejercicio45", "Ejercicio45\Ejercicio45.csproj", "{C79DAFEF-0BBC-4E4A-9DB7-0BFAD409159B}"
EndProject
Project("{FAE04EC0-301F-11D3-BF4B-00C04F79EFBC}") = "Ejercicio51", "Ejercicio51\Ejercicio51.csproj", "{6283BB3D-DBD0-4EBC-8663-9F1C6890CB47}"
EndProject
Project("{FAE04EC0-301F-11D3-BF4B-00C04F79EFBC}") = "Ejercicio55", "Ejercicio55\Ejercicio55.csproj", "{24C4E630-E683-4D37-94D4-EB4BB50DE124}"
EndProject
Project("{FAE04EC0-301F-11D3-BF4B-00C04F79EFBC}") = "Ejercicio56", "Ejercicio56\Ejercicio56.csproj", "{E4A9CAE4-5DFC-478D-BE4E-A20F4BDF71A0}"
EndProject
Project("{FAE04EC0-301F-11D3-BF4B-00C04F79EFBC}") = "Ejercicio57", "Ejercicio57\Ejercicio57.csproj", "{BCFA20BD-1873-48F0-9C33-165FD1627898}"
EndProject
Global
	GlobalSection(SolutionConfigurationPlatforms) = preSolution
		Debug|Any CPU = Debug|Any CPU
		Release|Any CPU = Release|Any CPU
	EndGlobalSection
	GlobalSection(ProjectConfigurationPlatforms) = postSolution
		{0E9A83CE-189E-43C8-A04C-619C67E982D7}.Debug|Any CPU.ActiveCfg = Debug|Any CPU
		{0E9A83CE-189E-43C8-A04C-619C67E982D7}.Debug|Any CPU.Build.0 = Debug|Any CPU
		{0E9A83CE-189E-43C8-A04C-619C67E982D7}.Release|Any CPU.ActiveCfg = Release|Any CPU
		{0E9A83CE-189E-43C8-A04C-619C67E982D7}.Release|Any CPU.Build.0 = Release|Any CPU
		{6A8ED337-0BF5-4551-B20B-BF5492CD47F9}.Debug|Any CPU.ActiveCfg = Debug|Any CPU
		{6A8ED337-0BF5-4551-B20B-BF5492CD47F9}.Debug|Any CPU.Build.0 = Debug|Any CPU
		{6A8ED337-0BF5-4551-B20B-BF5492CD47F9}.Release|Any CPU.ActiveCfg = Release|Any CPU
		{6A8ED337-0BF5-4551-B20B-BF5492CD47F9}.Release|Any CPU.Build.0 = Release|Any CPU
		{36A57558-7CB7-40D5-87B2-D72E914C5652}.Debug|Any CPU.ActiveCfg = Debug|Any CPU
		{36A57558-7CB7-40D5-87B2-D72E914C5652}.Debug|Any CPU.Build.0 = Debug|Any CPU
		{36A57558-7CB7-40D5-87B2-D72E914C5652}.Release|Any CPU.ActiveCfg = Release|Any CPU
		{36A57558-7CB7-40D5-87B2-D72E914C5652}.Release|Any CPU.Build.0 = Release|Any CPU
		{18BF0F3C-ED5E-4532-9C54-8D8D5629A3D4}.Debug|Any CPU.ActiveCfg = Debug|Any CPU
		{18BF0F3C-ED5E-4532-9C54-8D8D5629A3D4}.Debug|Any CPU.Build.0 = Debug|Any CPU
		{18BF0F3C-ED5E-4532-9C54-8D8D5629A3D4}.Release|Any CPU.ActiveCfg = Release|Any CPU
		{18BF0F3C-ED5E-4532-9C54-8D8D5629A3D4}.Release|Any CPU.Build.0 = Release|Any CPU
		{000141A6-9182-4174-9146-87CC59E0AE4C}.Debug|Any CPU.ActiveCfg = Debug|Any CPU
		{000141A6-9182-4174-9146-87CC59E0AE4C}.Debug|Any CPU.Build.0 = Debug|Any CPU
		{000141A6-9182-4174-9146-87CC59E0AE4C}.Release|Any CPU.ActiveCfg = Release|Any CPU
		{000141A6-9182-4174-9146-87CC59E0AE4C}.Release|Any CPU.Build.0 = Release|Any CPU
		{53C294EA-CE58-4E18-9C85-333B8A3B2DB3}.Debug|Any CPU.ActiveCfg = Debug|Any CPU
		{53C294EA-CE58-4E18-9C85-333B8A3B2DB3}.Debug|Any CPU.Build.0 = Debug|Any CPU
		{53C294EA-CE58-4E18-9C85-333B8A3B2DB3}.Release|Any CPU.ActiveCfg = Release|Any CPU
		{53C294EA-CE58-4E18-9C85-333B8A3B2DB3}.Release|Any CPU.Build.0 = Release|Any CPU
		{CC03043B-EA73-42E9-B804-60779A881E68}.Debug|Any CPU.ActiveCfg = Debug|Any CPU
		{CC03043B-EA73-42E9-B804-60779A881E68}.Debug|Any CPU.Build.0 = Debug|Any CPU
		{CC03043B-EA73-42E9-B804-60779A881E68}.Release|Any CPU.ActiveCfg = Release|Any CPU
		{CC03043B-EA73-42E9-B804-60779A881E68}.Release|Any CPU.Build.0 = Release|Any CPU
		{B7B16D10-A9AD-47AA-AD4A-DF03CF898B41}.Debug|Any CPU.ActiveCfg = Debug|Any CPU
		{B7B16D10-A9AD-47AA-AD4A-DF03CF898B41}.Debug|Any CPU.Build.0 = Debug|Any CPU
		{B7B16D10-A9AD-47AA-AD4A-DF03CF898B41}.Release|Any CPU.ActiveCfg = Release|Any CPU
		{B7B16D10-A9AD-47AA-AD4A-DF03CF898B41}.Release|Any CPU.Build.0 = Release|Any CPU
		{5182A6FC-8FB6-4064-8A16-8A1313E8EA73}.Debug|Any CPU.ActiveCfg = Debug|Any CPU
		{5182A6FC-8FB6-4064-8A16-8A1313E8EA73}.Debug|Any CPU.Build.0 = Debug|Any CPU
		{5182A6FC-8FB6-4064-8A16-8A1313E8EA73}.Release|Any CPU.ActiveCfg = Release|Any CPU
		{5182A6FC-8FB6-4064-8A16-8A1313E8EA73}.Release|Any CPU.Build.0 = Release|Any CPU
		{C26CEC85-72F1-4ABD-A415-26E972BC5BD1}.Debug|Any CPU.ActiveCfg = Debug|Any CPU
		{C26CEC85-72F1-4ABD-A415-26E972BC5BD1}.Debug|Any CPU.Build.0 = Debug|Any CPU
		{C26CEC85-72F1-4ABD-A415-26E972BC5BD1}.Release|Any CPU.ActiveCfg = Release|Any CPU
		{C26CEC85-72F1-4ABD-A415-26E972BC5BD1}.Release|Any CPU.Build.0 = Release|Any CPU
		{98C45569-C67A-409A-B781-B55A13A4272B}.Debug|Any CPU.ActiveCfg = Debug|Any CPU
		{98C45569-C67A-409A-B781-B55A13A4272B}.Debug|Any CPU.Build.0 = Debug|Any CPU
		{98C45569-C67A-409A-B781-B55A13A4272B}.Release|Any CPU.ActiveCfg = Release|Any CPU
		{98C45569-C67A-409A-B781-B55A13A4272B}.Release|Any CPU.Build.0 = Release|Any CPU
		{85A2F75A-5BB5-4604-9570-65B06D28323D}.Debug|Any CPU.ActiveCfg = Debug|Any CPU
		{85A2F75A-5BB5-4604-9570-65B06D28323D}.Debug|Any CPU.Build.0 = Debug|Any CPU
		{85A2F75A-5BB5-4604-9570-65B06D28323D}.Release|Any CPU.ActiveCfg = Release|Any CPU
		{85A2F75A-5BB5-4604-9570-65B06D28323D}.Release|Any CPU.Build.0 = Release|Any CPU
		{F4D729B9-8AE9-4609-9DE9-355F17450695}.Debug|Any CPU.ActiveCfg = Debug|Any CPU
		{F4D729B9-8AE9-4609-9DE9-355F17450695}.Debug|Any CPU.Build.0 = Debug|Any CPU
		{F4D729B9-8AE9-4609-9DE9-355F17450695}.Release|Any CPU.ActiveCfg = Release|Any CPU
		{F4D729B9-8AE9-4609-9DE9-355F17450695}.Release|Any CPU.Build.0 = Release|Any CPU
		{4294DA24-F3C2-444A-ADC2-E24AD79DA8B1}.Debug|Any CPU.ActiveCfg = Debug|Any CPU
		{4294DA24-F3C2-444A-ADC2-E24AD79DA8B1}.Debug|Any CPU.Build.0 = Debug|Any CPU
		{4294DA24-F3C2-444A-ADC2-E24AD79DA8B1}.Release|Any CPU.ActiveCfg = Release|Any CPU
		{4294DA24-F3C2-444A-ADC2-E24AD79DA8B1}.Release|Any CPU.Build.0 = Release|Any CPU
		{768575B6-1D25-49DA-BFEE-ADBAA38F7FA3}.Debug|Any CPU.ActiveCfg = Debug|Any CPU
		{768575B6-1D25-49DA-BFEE-ADBAA38F7FA3}.Debug|Any CPU.Build.0 = Debug|Any CPU
		{768575B6-1D25-49DA-BFEE-ADBAA38F7FA3}.Release|Any CPU.ActiveCfg = Release|Any CPU
		{768575B6-1D25-49DA-BFEE-ADBAA38F7FA3}.Release|Any CPU.Build.0 = Release|Any CPU
		{BA51D54E-B10E-445F-A138-78D969431F24}.Debug|Any CPU.ActiveCfg = Debug|Any CPU
		{BA51D54E-B10E-445F-A138-78D969431F24}.Debug|Any CPU.Build.0 = Debug|Any CPU
		{BA51D54E-B10E-445F-A138-78D969431F24}.Release|Any CPU.ActiveCfg = Release|Any CPU
		{BA51D54E-B10E-445F-A138-78D969431F24}.Release|Any CPU.Build.0 = Release|Any CPU
		{6B4675C0-5377-4DA3-9157-CC354FCDCA85}.Debug|Any CPU.ActiveCfg = Debug|Any CPU
		{6B4675C0-5377-4DA3-9157-CC354FCDCA85}.Debug|Any CPU.Build.0 = Debug|Any CPU
		{6B4675C0-5377-4DA3-9157-CC354FCDCA85}.Release|Any CPU.ActiveCfg = Release|Any CPU
		{6B4675C0-5377-4DA3-9157-CC354FCDCA85}.Release|Any CPU.Build.0 = Release|Any CPU
		{70278F94-CCD6-4B77-9E75-51281D776AD8}.Debug|Any CPU.ActiveCfg = Debug|Any CPU
		{70278F94-CCD6-4B77-9E75-51281D776AD8}.Debug|Any CPU.Build.0 = Debug|Any CPU
		{70278F94-CCD6-4B77-9E75-51281D776AD8}.Release|Any CPU.ActiveCfg = Release|Any CPU
		{70278F94-CCD6-4B77-9E75-51281D776AD8}.Release|Any CPU.Build.0 = Release|Any CPU
		{08ABDCFC-8D9D-4B95-8E2D-529B2769963D}.Debug|Any CPU.ActiveCfg = Debug|Any CPU
		{08ABDCFC-8D9D-4B95-8E2D-529B2769963D}.Debug|Any CPU.Build.0 = Debug|Any CPU
		{08ABDCFC-8D9D-4B95-8E2D-529B2769963D}.Release|Any CPU.ActiveCfg = Release|Any CPU
		{08ABDCFC-8D9D-4B95-8E2D-529B2769963D}.Release|Any CPU.Build.0 = Release|Any CPU
		{33F546F2-5082-4809-B2D4-46C602786FA5}.Debug|Any CPU.ActiveCfg = Debug|Any CPU
		{33F546F2-5082-4809-B2D4-46C602786FA5}.Debug|Any CPU.Build.0 = Debug|Any CPU
		{33F546F2-5082-4809-B2D4-46C602786FA5}.Release|Any CPU.ActiveCfg = Release|Any CPU
		{33F546F2-5082-4809-B2D4-46C602786FA5}.Release|Any CPU.Build.0 = Release|Any CPU
		{5838798E-61BF-4262-8A09-90DD19CD729A}.Debug|Any CPU.ActiveCfg = Debug|Any CPU
		{5838798E-61BF-4262-8A09-90DD19CD729A}.Debug|Any CPU.Build.0 = Debug|Any CPU
		{5838798E-61BF-4262-8A09-90DD19CD729A}.Release|Any CPU.ActiveCfg = Release|Any CPU
		{5838798E-61BF-4262-8A09-90DD19CD729A}.Release|Any CPU.Build.0 = Release|Any CPU
		{D8155C8E-8580-409E-9263-29816CB82048}.Debug|Any CPU.ActiveCfg = Debug|Any CPU
		{D8155C8E-8580-409E-9263-29816CB82048}.Debug|Any CPU.Build.0 = Debug|Any CPU
		{D8155C8E-8580-409E-9263-29816CB82048}.Release|Any CPU.ActiveCfg = Release|Any CPU
		{D8155C8E-8580-409E-9263-29816CB82048}.Release|Any CPU.Build.0 = Release|Any CPU
		{A3294710-CEEE-41EB-9BA7-BAE3DEFC5EA9}.Debug|Any CPU.ActiveCfg = Debug|Any CPU
		{A3294710-CEEE-41EB-9BA7-BAE3DEFC5EA9}.Debug|Any CPU.Build.0 = Debug|Any CPU
		{A3294710-CEEE-41EB-9BA7-BAE3DEFC5EA9}.Release|Any CPU.ActiveCfg = Release|Any CPU
		{A3294710-CEEE-41EB-9BA7-BAE3DEFC5EA9}.Release|Any CPU.Build.0 = Release|Any CPU
		{3DE5C4F8-E3C4-49A0-8649-C6CB322D7E57}.Debug|Any CPU.ActiveCfg = Debug|Any CPU
		{3DE5C4F8-E3C4-49A0-8649-C6CB322D7E57}.Debug|Any CPU.Build.0 = Debug|Any CPU
		{3DE5C4F8-E3C4-49A0-8649-C6CB322D7E57}.Release|Any CPU.ActiveCfg = Release|Any CPU
		{3DE5C4F8-E3C4-49A0-8649-C6CB322D7E57}.Release|Any CPU.Build.0 = Release|Any CPU
		{12033A67-42E2-45BA-B082-71A20278904B}.Debug|Any CPU.ActiveCfg = Debug|Any CPU
		{12033A67-42E2-45BA-B082-71A20278904B}.Debug|Any CPU.Build.0 = Debug|Any CPU
		{12033A67-42E2-45BA-B082-71A20278904B}.Release|Any CPU.ActiveCfg = Release|Any CPU
		{12033A67-42E2-45BA-B082-71A20278904B}.Release|Any CPU.Build.0 = Release|Any CPU
		{0C9F7BED-A1B9-492B-92BC-F59D74BE2767}.Debug|Any CPU.ActiveCfg = Debug|Any CPU
		{0C9F7BED-A1B9-492B-92BC-F59D74BE2767}.Debug|Any CPU.Build.0 = Debug|Any CPU
		{0C9F7BED-A1B9-492B-92BC-F59D74BE2767}.Release|Any CPU.ActiveCfg = Release|Any CPU
		{0C9F7BED-A1B9-492B-92BC-F59D74BE2767}.Release|Any CPU.Build.0 = Release|Any CPU
		{19EB02F8-35D4-427E-A818-E1200632D086}.Debug|Any CPU.ActiveCfg = Debug|Any CPU
		{19EB02F8-35D4-427E-A818-E1200632D086}.Debug|Any CPU.Build.0 = Debug|Any CPU
		{19EB02F8-35D4-427E-A818-E1200632D086}.Release|Any CPU.ActiveCfg = Release|Any CPU
		{19EB02F8-35D4-427E-A818-E1200632D086}.Release|Any CPU.Build.0 = Release|Any CPU
		{139B789A-CAEA-427F-9A9B-934860B8E72D}.Debug|Any CPU.ActiveCfg = Debug|Any CPU
		{139B789A-CAEA-427F-9A9B-934860B8E72D}.Debug|Any CPU.Build.0 = Debug|Any CPU
		{139B789A-CAEA-427F-9A9B-934860B8E72D}.Release|Any CPU.ActiveCfg = Release|Any CPU
		{139B789A-CAEA-427F-9A9B-934860B8E72D}.Release|Any CPU.Build.0 = Release|Any CPU
		{BC6B9468-28A0-40D5-810E-EAB4B9DF0372}.Debug|Any CPU.ActiveCfg = Debug|Any CPU
		{BC6B9468-28A0-40D5-810E-EAB4B9DF0372}.Debug|Any CPU.Build.0 = Debug|Any CPU
		{BC6B9468-28A0-40D5-810E-EAB4B9DF0372}.Release|Any CPU.ActiveCfg = Release|Any CPU
		{BC6B9468-28A0-40D5-810E-EAB4B9DF0372}.Release|Any CPU.Build.0 = Release|Any CPU
		{626A1D2F-EF2D-4121-AD9A-3BB1734BA0FE}.Debug|Any CPU.ActiveCfg = Debug|Any CPU
		{626A1D2F-EF2D-4121-AD9A-3BB1734BA0FE}.Debug|Any CPU.Build.0 = Debug|Any CPU
		{626A1D2F-EF2D-4121-AD9A-3BB1734BA0FE}.Release|Any CPU.ActiveCfg = Release|Any CPU
		{626A1D2F-EF2D-4121-AD9A-3BB1734BA0FE}.Release|Any CPU.Build.0 = Release|Any CPU
		{5836FDCD-39B3-404C-9D51-3859CFAFC85A}.Debug|Any CPU.ActiveCfg = Debug|Any CPU
		{5836FDCD-39B3-404C-9D51-3859CFAFC85A}.Debug|Any CPU.Build.0 = Debug|Any CPU
		{5836FDCD-39B3-404C-9D51-3859CFAFC85A}.Release|Any CPU.ActiveCfg = Release|Any CPU
		{5836FDCD-39B3-404C-9D51-3859CFAFC85A}.Release|Any CPU.Build.0 = Release|Any CPU
		{AF2E3CC3-29C5-4B8F-88BA-4CF3B8547D1D}.Debug|Any CPU.ActiveCfg = Debug|Any CPU
		{AF2E3CC3-29C5-4B8F-88BA-4CF3B8547D1D}.Debug|Any CPU.Build.0 = Debug|Any CPU
		{AF2E3CC3-29C5-4B8F-88BA-4CF3B8547D1D}.Release|Any CPU.ActiveCfg = Release|Any CPU
		{AF2E3CC3-29C5-4B8F-88BA-4CF3B8547D1D}.Release|Any CPU.Build.0 = Release|Any CPU
		{4319E370-BB49-41BC-9B33-81405AAB5FB1}.Debug|Any CPU.ActiveCfg = Debug|Any CPU
		{4319E370-BB49-41BC-9B33-81405AAB5FB1}.Debug|Any CPU.Build.0 = Debug|Any CPU
		{4319E370-BB49-41BC-9B33-81405AAB5FB1}.Release|Any CPU.ActiveCfg = Release|Any CPU
		{4319E370-BB49-41BC-9B33-81405AAB5FB1}.Release|Any CPU.Build.0 = Release|Any CPU
		{28D5A93F-EBC8-40AC-BE8B-B25983809865}.Debug|Any CPU.ActiveCfg = Debug|Any CPU
		{28D5A93F-EBC8-40AC-BE8B-B25983809865}.Debug|Any CPU.Build.0 = Debug|Any CPU
		{28D5A93F-EBC8-40AC-BE8B-B25983809865}.Release|Any CPU.ActiveCfg = Release|Any CPU
		{28D5A93F-EBC8-40AC-BE8B-B25983809865}.Release|Any CPU.Build.0 = Release|Any CPU
		{72AAB97B-5E97-4ACB-9105-0E7721EF07A7}.Debug|Any CPU.ActiveCfg = Debug|Any CPU
		{72AAB97B-5E97-4ACB-9105-0E7721EF07A7}.Debug|Any CPU.Build.0 = Debug|Any CPU
		{72AAB97B-5E97-4ACB-9105-0E7721EF07A7}.Release|Any CPU.ActiveCfg = Release|Any CPU
		{72AAB97B-5E97-4ACB-9105-0E7721EF07A7}.Release|Any CPU.Build.0 = Release|Any CPU
		{7E473A60-E338-4C60-A5FF-EB232BA6DEB0}.Debug|Any CPU.ActiveCfg = Debug|Any CPU
		{7E473A60-E338-4C60-A5FF-EB232BA6DEB0}.Debug|Any CPU.Build.0 = Debug|Any CPU
		{7E473A60-E338-4C60-A5FF-EB232BA6DEB0}.Release|Any CPU.ActiveCfg = Release|Any CPU
		{7E473A60-E338-4C60-A5FF-EB232BA6DEB0}.Release|Any CPU.Build.0 = Release|Any CPU
		{B1F49D8D-38C5-418F-85AE-CE9EA6C441B7}.Debug|Any CPU.ActiveCfg = Debug|Any CPU
		{B1F49D8D-38C5-418F-85AE-CE9EA6C441B7}.Debug|Any CPU.Build.0 = Debug|Any CPU
		{B1F49D8D-38C5-418F-85AE-CE9EA6C441B7}.Release|Any CPU.ActiveCfg = Release|Any CPU
		{B1F49D8D-38C5-418F-85AE-CE9EA6C441B7}.Release|Any CPU.Build.0 = Release|Any CPU
		{117A1EF2-B2A7-4B67-B650-3F963C5FBB45}.Debug|Any CPU.ActiveCfg = Debug|Any CPU
		{117A1EF2-B2A7-4B67-B650-3F963C5FBB45}.Debug|Any CPU.Build.0 = Debug|Any CPU
		{117A1EF2-B2A7-4B67-B650-3F963C5FBB45}.Release|Any CPU.ActiveCfg = Release|Any CPU
		{117A1EF2-B2A7-4B67-B650-3F963C5FBB45}.Release|Any CPU.Build.0 = Release|Any CPU
		{20C6F52F-C830-4FBB-A05D-9FF672E2A5A5}.Debug|Any CPU.ActiveCfg = Debug|Any CPU
		{20C6F52F-C830-4FBB-A05D-9FF672E2A5A5}.Debug|Any CPU.Build.0 = Debug|Any CPU
		{20C6F52F-C830-4FBB-A05D-9FF672E2A5A5}.Release|Any CPU.ActiveCfg = Release|Any CPU
		{20C6F52F-C830-4FBB-A05D-9FF672E2A5A5}.Release|Any CPU.Build.0 = Release|Any CPU
		{D1A6814B-C873-41EF-8CA2-3ED375E7DAE0}.Debug|Any CPU.ActiveCfg = Debug|Any CPU
		{D1A6814B-C873-41EF-8CA2-3ED375E7DAE0}.Debug|Any CPU.Build.0 = Debug|Any CPU
		{D1A6814B-C873-41EF-8CA2-3ED375E7DAE0}.Release|Any CPU.ActiveCfg = Release|Any CPU
		{D1A6814B-C873-41EF-8CA2-3ED375E7DAE0}.Release|Any CPU.Build.0 = Release|Any CPU
		{8021B88C-96C5-4B2C-AE58-FEA596F827AE}.Debug|Any CPU.ActiveCfg = Debug|Any CPU
		{8021B88C-96C5-4B2C-AE58-FEA596F827AE}.Debug|Any CPU.Build.0 = Debug|Any CPU
		{8021B88C-96C5-4B2C-AE58-FEA596F827AE}.Release|Any CPU.ActiveCfg = Release|Any CPU
		{8021B88C-96C5-4B2C-AE58-FEA596F827AE}.Release|Any CPU.Build.0 = Release|Any CPU
		{D46D5572-67A9-4E45-B168-EA1557FABD86}.Debug|Any CPU.ActiveCfg = Debug|Any CPU
		{D46D5572-67A9-4E45-B168-EA1557FABD86}.Debug|Any CPU.Build.0 = Debug|Any CPU
		{D46D5572-67A9-4E45-B168-EA1557FABD86}.Release|Any CPU.ActiveCfg = Release|Any CPU
		{D46D5572-67A9-4E45-B168-EA1557FABD86}.Release|Any CPU.Build.0 = Release|Any CPU
		{805C8384-B94B-4BFC-8D0C-4A1B1A1B4066}.Debug|Any CPU.ActiveCfg = Debug|Any CPU
		{805C8384-B94B-4BFC-8D0C-4A1B1A1B4066}.Debug|Any CPU.Build.0 = Debug|Any CPU
		{805C8384-B94B-4BFC-8D0C-4A1B1A1B4066}.Release|Any CPU.ActiveCfg = Release|Any CPU
		{805C8384-B94B-4BFC-8D0C-4A1B1A1B4066}.Release|Any CPU.Build.0 = Release|Any CPU
		{2DBD6ACB-8055-4E0C-A08C-4D3F72D7CE6F}.Debug|Any CPU.ActiveCfg = Debug|Any CPU
		{2DBD6ACB-8055-4E0C-A08C-4D3F72D7CE6F}.Debug|Any CPU.Build.0 = Debug|Any CPU
		{2DBD6ACB-8055-4E0C-A08C-4D3F72D7CE6F}.Release|Any CPU.ActiveCfg = Release|Any CPU
		{2DBD6ACB-8055-4E0C-A08C-4D3F72D7CE6F}.Release|Any CPU.Build.0 = Release|Any CPU
		{5C01CFAA-0042-42A3-BDE4-1EE4DCC8B479}.Debug|Any CPU.ActiveCfg = Debug|Any CPU
		{5C01CFAA-0042-42A3-BDE4-1EE4DCC8B479}.Debug|Any CPU.Build.0 = Debug|Any CPU
		{5C01CFAA-0042-42A3-BDE4-1EE4DCC8B479}.Release|Any CPU.ActiveCfg = Release|Any CPU
		{5C01CFAA-0042-42A3-BDE4-1EE4DCC8B479}.Release|Any CPU.Build.0 = Release|Any CPU
		{C79DAFEF-0BBC-4E4A-9DB7-0BFAD409159B}.Debug|Any CPU.ActiveCfg = Debug|Any CPU
		{C79DAFEF-0BBC-4E4A-9DB7-0BFAD409159B}.Debug|Any CPU.Build.0 = Debug|Any CPU
		{C79DAFEF-0BBC-4E4A-9DB7-0BFAD409159B}.Release|Any CPU.ActiveCfg = Release|Any CPU
		{C79DAFEF-0BBC-4E4A-9DB7-0BFAD409159B}.Release|Any CPU.Build.0 = Release|Any CPU
		{6283BB3D-DBD0-4EBC-8663-9F1C6890CB47}.Debug|Any CPU.ActiveCfg = Debug|Any CPU
		{6283BB3D-DBD0-4EBC-8663-9F1C6890CB47}.Debug|Any CPU.Build.0 = Debug|Any CPU
		{6283BB3D-DBD0-4EBC-8663-9F1C6890CB47}.Release|Any CPU.ActiveCfg = Release|Any CPU
		{6283BB3D-DBD0-4EBC-8663-9F1C6890CB47}.Release|Any CPU.Build.0 = Release|Any CPU
		{24C4E630-E683-4D37-94D4-EB4BB50DE124}.Debug|Any CPU.ActiveCfg = Debug|Any CPU
		{24C4E630-E683-4D37-94D4-EB4BB50DE124}.Debug|Any CPU.Build.0 = Debug|Any CPU
		{24C4E630-E683-4D37-94D4-EB4BB50DE124}.Release|Any CPU.ActiveCfg = Release|Any CPU
		{24C4E630-E683-4D37-94D4-EB4BB50DE124}.Release|Any CPU.Build.0 = Release|Any CPU
		{E4A9CAE4-5DFC-478D-BE4E-A20F4BDF71A0}.Debug|Any CPU.ActiveCfg = Debug|Any CPU
		{E4A9CAE4-5DFC-478D-BE4E-A20F4BDF71A0}.Debug|Any CPU.Build.0 = Debug|Any CPU
		{E4A9CAE4-5DFC-478D-BE4E-A20F4BDF71A0}.Release|Any CPU.ActiveCfg = Release|Any CPU
		{E4A9CAE4-5DFC-478D-BE4E-A20F4BDF71A0}.Release|Any CPU.Build.0 = Release|Any CPU
		{BCFA20BD-1873-48F0-9C33-165FD1627898}.Debug|Any CPU.ActiveCfg = Debug|Any CPU
		{BCFA20BD-1873-48F0-9C33-165FD1627898}.Debug|Any CPU.Build.0 = Debug|Any CPU
		{BCFA20BD-1873-48F0-9C33-165FD1627898}.Release|Any CPU.ActiveCfg = Release|Any CPU
		{BCFA20BD-1873-48F0-9C33-165FD1627898}.Release|Any CPU.Build.0 = Release|Any CPU
	EndGlobalSection
	GlobalSection(SolutionProperties) = preSolution
		HideSolutionNode = FALSE
	EndGlobalSection
	GlobalSection(ExtensibilityGlobals) = postSolution
		SolutionGuid = {5C25A921-5F69-4F0C-B74B-79112C72669A}
	EndGlobalSection
EndGlobal
